
Microsoft Visual Studio Solution File, Format Version 12.00
# Visual Studio 15
VisualStudioVersion = 15.0.27130.2026
MinimumVisualStudioVersion = 10.0.40219.1
Project("{FAE04EC0-301F-11D3-BF4B-00C04F79EFBC}") = "Project_Rogue_Adventure", "Project_Rogue_Adventure\Project_Rogue_Adventure.csproj", "{667A00F1-AE49-4067-AD2A-F2CC265F6622}"
EndProject
Global
	GlobalSection(SolutionConfigurationPlatforms) = preSolution
		Debug|Any CPU = Debug|Any CPU
		Release|Any CPU = Release|Any CPU
	EndGlobalSection
	GlobalSection(ProjectConfigurationPlatforms) = postSolution
		{667A00F1-AE49-4067-AD2A-F2CC265F6622}.Debug|Any CPU.ActiveCfg = Debug|Any CPU
		{667A00F1-AE49-4067-AD2A-F2CC265F6622}.Debug|Any CPU.Build.0 = Debug|Any CPU
		{667A00F1-AE49-4067-AD2A-F2CC265F6622}.Release|Any CPU.ActiveCfg = Release|Any CPU
		{667A00F1-AE49-4067-AD2A-F2CC265F6622}.Release|Any CPU.Build.0 = Release|Any CPU
	EndGlobalSection
	GlobalSection(SolutionProperties) = preSolution
		HideSolutionNode = FALSE
	EndGlobalSection
	GlobalSection(ExtensibilityGlobals) = postSolution
		SolutionGuid = {0CFC2624-4A2C-46B7-BB2C-55093EE68D35}
	EndGlobalSection
EndGlobal
